{
  "name": "chess-next-move-finder",
  "version": "1.0.0",
  "lockfileVersion": 3,
  "requires": true,
  "packages": {
    "": {
      "name": "chess-next-move-finder",
      "version": "1.0.0",
      "license": "ISC",
      "dependencies": {
        "stockfish": "^18.0.5"
      }
    },
    "node_modules/stockfish": {
      "version": "18.0.5",
      "resolved": "https://registry.npmjs.org/stockfish/-/stockfish-18.0.5.tgz",
      "integrity": "sha512-2A8mrlrYT8ovf4y8GIrmzOQZCC2kf01hPeM4xrVZdBeFC/LoZj+MgYLyrwdKXDQWubx1RCiKU9dFDGeDutuT3A==",
      "hasInstallScript": true,
      "license": "GPL-3.0",
      "bin": {
        "stockfish": "scripts/cli.js"
      }
    }
  }
}
